
Microsoft Visual Studio Solution File, Format Version 12.00
# Visual Studio 14
VisualStudioVersion = 14.0.25420.1
MinimumVisualStudioVersion = 10.0.40219.1
Project("{FAE04EC0-301F-11D3-BF4B-00C04F79EFBC}") = "NbboService", "NbboService.csproj", "{3F5238A7-0DFE-497C-9AC5-2670CC12C264}"
EndProject
Project("{FAE04EC0-301F-11D3-BF4B-00C04F79EFBC}") = "NBBO_UI", "NBBO_UI\NBBO_UI.csproj", "{60406A67-BF53-4887-9FA1-8029D338536E}"
EndProject
Project("{FAE04EC0-301F-11D3-BF4B-00C04F79EFBC}") = "NBBO_UI.Tests", "NBBO_UI.Tests\NBBO_UI.Tests.csproj", "{6CFACD15-01BC-4877-8C6A-4C4F65DC142C}"
EndProject
Global
	GlobalSection(SolutionConfigurationPlatforms) = preSolution
		Debug|Any CPU = Debug|Any CPU
		Release|Any CPU = Release|Any CPU
	EndGlobalSection
	GlobalSection(ProjectConfigurationPlatforms) = postSolution
		{3F5238A7-0DFE-497C-9AC5-2670CC12C264}.Debug|Any CPU.ActiveCfg = Debug|Any CPU
		{3F5238A7-0DFE-497C-9AC5-2670CC12C264}.Debug|Any CPU.Build.0 = Debug|Any CPU
		{3F5238A7-0DFE-497C-9AC5-2670CC12C264}.Release|Any CPU.ActiveCfg = Release|Any CPU
		{3F5238A7-0DFE-497C-9AC5-2670CC12C264}.Release|Any CPU.Build.0 = Release|Any CPU
		{60406A67-BF53-4887-9FA1-8029D338536E}.Debug|Any CPU.ActiveCfg = Debug|Any CPU
		{60406A67-BF53-4887-9FA1-8029D338536E}.Debug|Any CPU.Build.0 = Debug|Any CPU
		{60406A67-BF53-4887-9FA1-8029D338536E}.Release|Any CPU.ActiveCfg = Release|Any CPU
		{60406A67-BF53-4887-9FA1-8029D338536E}.Release|Any CPU.Build.0 = Release|Any CPU
		{6CFACD15-01BC-4877-8C6A-4C4F65DC142C}.Debug|Any CPU.ActiveCfg = Debug|Any CPU
		{6CFACD15-01BC-4877-8C6A-4C4F65DC142C}.Debug|Any CPU.Build.0 = Debug|Any CPU
		{6CFACD15-01BC-4877-8C6A-4C4F65DC142C}.Release|Any CPU.ActiveCfg = Release|Any CPU
		{6CFACD15-01BC-4877-8C6A-4C4F65DC142C}.Release|Any CPU.Build.0 = Release|Any CPU
	EndGlobalSection
	GlobalSection(SolutionProperties) = preSolution
		HideSolutionNode = FALSE
	EndGlobalSection
EndGlobal
